Microsoft Visual Studio Solution File, Format Version 11.00
# Visual Studio 2008

Project("{3B962574-887F-124E-78BF-D9B4685F3B39}") = "Cooking", "Assembly-CSharp-firstpass.csproj", "{BEE67D30-D313-C827-7D58-7DDB5D8FE791}"
EndProject
Project("{3B962574-887F-124E-78BF-D9B4685F3B39}") = "Cooking", "Assembly-CSharp.csproj", "{A555AC89-D767-4CD9-DEDF-9EDB0E27665C}"
EndProject
Project("{3B962574-887F-124E-78BF-D9B4685F3B39}") = "Cooking", "Assembly-UnityScript-firstpass.unityproj", "{ABEF91A2-31D0-D2A3-D1ED-82B1A4811A71}"
EndProject
Global
	GlobalSection(SolutionConfigurationPlatforms) = preSolution
		Debug|Any CPU = Debug|Any CPU
		Release|Any CPU = Release|Any CPU
	EndGlobalSection
	GlobalSection(ProjectConfigurationPlatforms) = postSolution
		{BEE67D30-D313-C827-7D58-7DDB5D8FE791}.Debug|Any CPU.ActiveCfg = Debug|Any CPU
		{BEE67D30-D313-C827-7D58-7DDB5D8FE791}.Debug|Any CPU.Build.0 = Debug|Any CPU
		{BEE67D30-D313-C827-7D58-7DDB5D8FE791}.Release|Any CPU.ActiveCfg = Release|Any CPU
		{BEE67D30-D313-C827-7D58-7DDB5D8FE791}.Release|Any CPU.Build.0 = Release|Any CPU
		{A555AC89-D767-4CD9-DEDF-9EDB0E27665C}.Debug|Any CPU.ActiveCfg = Debug|Any CPU
		{A555AC89-D767-4CD9-DEDF-9EDB0E27665C}.Debug|Any CPU.Build.0 = Debug|Any CPU
		{A555AC89-D767-4CD9-DEDF-9EDB0E27665C}.Release|Any CPU.ActiveCfg = Release|Any CPU
		{A555AC89-D767-4CD9-DEDF-9EDB0E27665C}.Release|Any CPU.Build.0 = Release|Any CPU
		{ABEF91A2-31D0-D2A3-D1ED-82B1A4811A71}.Debug|Any CPU.ActiveCfg = Debug|Any CPU
		{ABEF91A2-31D0-D2A3-D1ED-82B1A4811A71}.Debug|Any CPU.Build.0 = Debug|Any CPU
		{ABEF91A2-31D0-D2A3-D1ED-82B1A4811A71}.Release|Any CPU.ActiveCfg = Release|Any CPU
		{ABEF91A2-31D0-D2A3-D1ED-82B1A4811A71}.Release|Any CPU.Build.0 = Release|Any CPU
	EndGlobalSection
	GlobalSection(SolutionProperties) = preSolution
		HideSolutionNode = FALSE
	EndGlobalSection
	GlobalSection(MonoDevelopProperties) = preSolution
		StartupItem = Assembly-CSharp.csproj
		Policies = $0
		$0.TextStylePolicy = $1
		$1.inheritsSet = null
		$1.scope = text/x-csharp
		$0.CSharpFormattingPolicy = $2
		$2.inheritsSet = Mono
		$2.inheritsScope = text/x-csharp
		$2.scope = text/x-csharp
		$0.TextStylePolicy = $3
		$3.FileWidth = 120
		$3.TabWidth = 4
		$3.EolMarker = Unix
		$3.inheritsSet = Mono
		$3.inheritsScope = text/plain
		$3.scope = text/plain
	EndGlobalSection
EndGlobal
