Microsoft Visual Studio Solution File, Format Version 11.00
# Visual Studio 2008

Project("{7E53715B-CE55-DC7F-B272-7854BD930F9F}") = "cooking-master", "Assembly-CSharp-firstpass.csproj", "{724EA6E3-B7D1-9220-97CA-FF59949445E4}"
EndProject
Project("{7E53715B-CE55-DC7F-B272-7854BD930F9F}") = "cooking-master", "Assembly-CSharp.csproj", "{5B292EA6-2B9C-5559-3105-1C91B3F3CF3D}"
EndProject
Project("{7E53715B-CE55-DC7F-B272-7854BD930F9F}") = "cooking-master", "Assembly-UnityScript-firstpass.unityproj", "{E157763D-AD49-7AD6-2F15-06F2D026B03D}"
EndProject
Global
	GlobalSection(SolutionConfigurationPlatforms) = preSolution
		Debug|Any CPU = Debug|Any CPU
		Release|Any CPU = Release|Any CPU
	EndGlobalSection
	GlobalSection(ProjectConfigurationPlatforms) = postSolution
		{724EA6E3-B7D1-9220-97CA-FF59949445E4}.Debug|Any CPU.ActiveCfg = Debug|Any CPU
		{724EA6E3-B7D1-9220-97CA-FF59949445E4}.Debug|Any CPU.Build.0 = Debug|Any CPU
		{724EA6E3-B7D1-9220-97CA-FF59949445E4}.Release|Any CPU.ActiveCfg = Release|Any CPU
		{724EA6E3-B7D1-9220-97CA-FF59949445E4}.Release|Any CPU.Build.0 = Release|Any CPU
		{5B292EA6-2B9C-5559-3105-1C91B3F3CF3D}.Debug|Any CPU.ActiveCfg = Debug|Any CPU
		{5B292EA6-2B9C-5559-3105-1C91B3F3CF3D}.Debug|Any CPU.Build.0 = Debug|Any CPU
		{5B292EA6-2B9C-5559-3105-1C91B3F3CF3D}.Release|Any CPU.ActiveCfg = Release|Any CPU
		{5B292EA6-2B9C-5559-3105-1C91B3F3CF3D}.Release|Any CPU.Build.0 = Release|Any CPU
		{E157763D-AD49-7AD6-2F15-06F2D026B03D}.Debug|Any CPU.ActiveCfg = Debug|Any CPU
		{E157763D-AD49-7AD6-2F15-06F2D026B03D}.Debug|Any CPU.Build.0 = Debug|Any CPU
		{E157763D-AD49-7AD6-2F15-06F2D026B03D}.Release|Any CPU.ActiveCfg = Release|Any CPU
		{E157763D-AD49-7AD6-2F15-06F2D026B03D}.Release|Any CPU.Build.0 = Release|Any CPU
	EndGlobalSection
	GlobalSection(SolutionProperties) = preSolution
		HideSolutionNode = FALSE
	EndGlobalSection
																					GlobalSection(MonoDevelopProperties) = preSolution
		StartupItem = Assembly-CSharp.csproj
		Policies = $0
		$0.TextStylePolicy = $1
		$1.inheritsSet = null
		$1.scope = text/x-csharp
		$0.CSharpFormattingPolicy = $2
		$2.inheritsSet = Mono
		$2.inheritsScope = text/x-csharp
		$2.scope = text/x-csharp
		$0.TextStylePolicy = $3
		$3.FileWidth = 120
		$3.TabWidth = 4
		$3.EolMarker = Unix
		$3.inheritsSet = Mono
		$3.inheritsScope = text/plain
		$3.scope = text/plain
	EndGlobalSection

EndGlobal
